// !$*UTF8*$!
{
	archiveVersion = 1;
	classes = {
	};
	objectVersion = 46;
	objects = {

/* Begin PBXBuildFile section */
		2F024D751F15C57400DECA0A /* main.m in Sources */ = {isa = PBXBuildFile; fileRef = 2F024D741F15C57400DECA0A /* main.m */; };
		2F024D781F15C57400DECA0A /* AppDelegate.m in Sources */ = {isa = PBXBuildFile; fileRef = 2F024D771F15C57400DECA0A /* AppDelegate.m */; };
		2F024D7B1F15C57400DECA0A /* ViewController.m in Sources */ = {isa = PBXBuildFile; fileRef = 2F024D7A1F15C57400DECA0A /* ViewController.m */; };
		2F024D7E1F15C57400DECA0A /* Main.storyboard in Resources */ = {isa = PBXBuildFile; fileRef = 2F024D7C1F15C57400DECA0A /* Main.storyboard */; };
		2F024D801F15C57400DECA0A /* Assets.xcassets in Resources */ = {isa = PBXBuildFile; fileRef = 2F024D7F1F15C57400DECA0A /* Assets.xcassets */; };
		2F024D831F15C57400DECA0A /* LaunchScreen.storyboard in Resources */ = {isa = PBXBuildFile; fileRef = 2F024D811F15C57400DECA0A /* LaunchScreen.storyboard */; };
		2F024D8E1F15C57400DECA0A /* _11Tests.m in Sources */ = {isa = PBXBuildFile; fileRef = 2F024D8D1F15C57400DECA0A /* _11Tests.m */; };
		2F024D991F15C57400DECA0A /* _11UITests.m in Sources */ = {isa = PBXBuildFile; fileRef = 2F024D981F15C57400DECA0A /* _11UITests.m */; };
/* End PBXBuildFile section */

/* Begin PBXContainerItemProxy section */
		2F024D8A1F15C57400DECA0A /* PBXContainerItemProxy */ = {
			isa = PBXContainerItemProxy;
			containerPortal = 2F024D681F15C57400DECA0A /* Project object */;
			proxyType = 1;
			remoteGlobalIDString = 2F024D6F1F15C57400DECA0A;
			remoteInfo = 111;
		};
		2F024D951F15C57400DECA0A /* PBXContainerItemProxy */ = {
			isa = PBXContainerItemProxy;
			containerPortal = 2F024D681F15C57400DECA0A /* Project object */;
			proxyType = 1;
			remoteGlobalIDString = 2F024D6F1F15C57400DECA0A;
			remoteInfo = 111;
		};
/* End PBXContainerItemProxy section */

/* Begin PBXFileReference section */
		2F024D701F15C57400DECA0A /* 111.app */ = {isa = PBXFileReference; explicitFileType = wrapper.application; includeInIndex = 0; path = 111.app; sourceTree = BUILT_PRODUCTS_DIR; };
		2F024D741F15C57400DECA0A /* main.m */ = {isa = PBXFileReference; lastKnownFileType = sourcecode.c.objc; path = main.m; sourceTree = "<group>"; };
		2F024D761F15C57400DECA0A /* AppDelegate.h */ = {isa = PBXFileReference; lastKnownFileType = sourcecode.c.h; path = AppDelegate.h; sourceTree = "<group>"; };
		2F024D771F15C57400DECA0A /* AppDelegate.m */ = {isa = PBXFileReference; lastKnownFileType = sourcecode.c.objc; path = AppDelegate.m; sourceTree = "<group>"; };
		2F024D791F15C57400DECA0A /* ViewController.h */ = {isa = PBXFileReference; lastKnownFileType = sourcecode.c.h; path = ViewController.h; sourceTree = "<group>"; };
		2F024D7A1F15C57400DECA0A /* ViewController.m */ = {isa = PBXFileReference; lastKnownFileType = sourcecode.c.objc; path = ViewController.m; sourceTree = "<group>"; };
		2F024D7D1F15C57400DECA0A /* Base */ = {isa = PBXFileReference; lastKnownFileType = file.storyboard; name = Base; path = Base.lproj/Main.storyboard; sourceTree = "<group>"; };
		2F024D7F1F15C57400DECA0A /* Assets.xcassets */ = {isa = PBXFileReference; lastKnownFileType = folder.assetcatalog; path = Assets.xcassets; sourceTree = "<group>"; };
		2F024D821F15C57400DECA0A /* Base */ = {isa = PBXFileReference; lastKnownFileType = file.storyboard; name = Base; path = Base.lproj/LaunchScreen.storyboard; sourceTree = "<group>"; };
		2F024D841F15C57400DECA0A /* Info.plist */ = {isa = PBXFileReference; lastKnownFileType = text.plist.xml; path = Info.plist; sourceTree = "<group>"; };
		2F024D891F15C57400DECA0A /* 111Tests.xctest */ = {isa = PBXFileReference; explicitFileType = wrapper.cfbundle; includeInIndex = 0; path = 111Tests.xctest; sourceTree = BUILT_PRODUCTS_DIR; };
		2F024D8D1F15C57400DECA0A /* _11Tests.m */ = {isa = PBXFileReference; lastKnownFileType = sourcecode.c.objc; path = _11Tests.m; sourceTree = "<group>"; };
		2F024D8F1F15C57400DECA0A /* Info.plist */ = {isa = PBXFileReference; lastKnownFileType = text.plist.xml; path = Info.plist; sourceTree = "<group>"; };
		2F024D941F15C57400DECA0A /* 111UITests.xctest */ = {isa = PBXFileReference; explicitFileType = wrapper.cfbundle; includeInIndex = 0; path = 111UITests.xctest; sourceTree = BUILT_PRODUCTS_DIR; };
		2F024D981F15C57400DECA0A /* _11UITests.m */ = {isa = PBXFileReference; lastKnownFileType = sourcecode.c.objc; path = _11UITests.m; sourceTree = "<group>"; };
		2F024D9A1F15C57400DECA0A /* Info.plist */ = {isa = PBXFileReference; lastKnownFileType = text.plist.xml; path = Info.plist; sourceTree = "<group>"; };
/* End PBXFileReference section */

/* Begin PBXFrameworksBuildPhase section */
		2F024D6D1F15C57400DECA0A /* Frameworks */ = {
			isa = PBXFrameworksBuildPhase;
			buildActionMask = 2147483647;
			files = (
			);
			runOnlyForDeploymentPostprocessing = 0;
		};
		2F024D861F15C57400DECA0A /* Frameworks */ = {
			isa = PBXFrameworksBuildPhase;
			buildActionMask = 2147483647;
			files = (
			);
			runOnlyForDeploymentPostprocessing = 0;
		};
		2F024D911F15C57400DECA0A /* Frameworks */ = {
			isa = PBXFrameworksBuildPhase;
			buildActionMask = 2147483647;
			files = (
			);
			runOnlyForDeploymentPostprocessing = 0;
		};
/* End PBXFrameworksBuildPhase section */

/* Begin PBXGroup section */
		2F024D671F15C57400DECA0A = {
			isa = PBXGroup;
			children = (
				2F024D721F15C57400DECA0A /* 111 */,
				2F024D8C1F15C57400DECA0A /* 111Tests */,
				2F024D971F15C57400DECA0A /* 111UITests */,
				2F024D711F15C57400DECA0A /* Products */,
			);
			sourceTree = "<group>";
		};
		2F024D711F15C57400DECA0A /* Products */ = {
			isa = PBXGroup;
			children = (
				2F024D701F15C57400DECA0A /* 111.app */,
				2F024D891F15C57400DECA0A /* 111Tests.xctest */,
				2F024D941F15C57400DECA0A /* 111UITests.xctest */,
			);
			name = Products;
			sourceTree = "<group>";
		};
		2F024D721F15C57400DECA0A /* 111 */ = {
			isa = PBXGroup;
			children = (
				2F024D761F15C57400DECA0A /* AppDelegate.h */,
				2F024D771F15C57400DECA0A /* AppDelegate.m */,
				2F024D791F15C57400DECA0A /* ViewController.h */,
				2F024D7A1F15C57400DECA0A /* ViewController.m */,
				2F024D7C1F15C57400DECA0A /* Main.storyboard */,
				2F024D7F1F15C57400DECA0A /* Assets.xcassets */,
				2F024D811F15C57400DECA0A /* LaunchScreen.storyboard */,
				2F024D841F15C57400DECA0A /* Info.plist */,
				2F024D731F15C57400DECA0A /* Supporting Files */,
			);
			path = 111;
			sourceTree = "<group>";
		};
		2F024D731F15C57400DECA0A /* Supporting Files */ = {
			isa = PBXGroup;
			children = (
				2F024D741F15C57400DECA0A /* main.m */,
			);
			name = "Supporting Files";
			sourceTree = "<group>";
		};
		2F024D8C1F15C57400DECA0A /* 111Tests */ = {
			isa = PBXGroup;
			children = (
				2F024D8D1F15C57400DECA0A /* _11Tests.m */,
				2F024D8F1F15C57400DECA0A /* Info.plist */,
			);
			path = 111Tests;
			sourceTree = "<group>";
		};
		2F024D971F15C57400DECA0A /* 111UITests */ = {
			isa = PBXGroup;
			children = (
				2F024D981F15C57400DECA0A /* _11UITests.m */,
				2F024D9A1F15C57400DECA0A /* Info.plist */,
			);
			path = 111UITests;
			sourceTree = "<group>";
		};
/* End PBXGroup section */

/* Begin PBXNativeTarget section */
		2F024D6F1F15C57400DECA0A /* 111 */ = {
			isa = PBXNativeTarget;
			buildConfigurationList = 2F024D9D1F15C57400DECA0A /* Build configuration list for PBXNativeTarget "111" */;
			buildPhases = (
				2F024D6C1F15C57400DECA0A /* Sources */,
				2F024D6D1F15C57400DECA0A /* Frameworks */,
				2F024D6E1F15C57400DECA0A /* Resources */,
			);
			buildRules = (
			);
			dependencies = (
			);
			name = 111;
			productName = 111;
			productReference = 2F024D701F15C57400DECA0A /* 111.app */;
			productType = "com.apple.product-type.application";
		};
		2F024D881F15C57400DECA0A /* 111Tests */ = {
			isa = PBXNativeTarget;
			buildConfigurationList = 2F024DA01F15C57400DECA0A /* Build configuration list for PBXNativeTarget "111Tests" */;
			buildPhases = (
				2F024D851F15C57400DECA0A /* Sources */,
				2F024D861F15C57400DECA0A /* Frameworks */,
				2F024D871F15C57400DECA0A /* Resources */,
			);
			buildRules = (
			);
			dependencies = (
				2F024D8B1F15C57400DECA0A /* PBXTargetDependency */,
			);
			name = 111Tests;
			productName = 111Tests;
			productReference = 2F024D891F15C57400DECA0A /* 111Tests.xctest */;
			productType = "com.apple.product-type.bundle.unit-test";
		};
		2F024D931F15C57400DECA0A /* 111UITests */ = {
			isa = PBXNativeTarget;
			buildConfigurationList = 2F024DA31F15C57400DECA0A /* Build configuration list for PBXNativeTarget "111UITests" */;
			buildPhases = (
				2F024D901F15C57400DECA0A /* Sources */,
				2F024D911F15C57400DECA0A /* Frameworks */,
				2F024D921F15C57400DECA0A /* Resources */,
			);
			buildRules = (
			);
			dependencies = (
				2F024D961F15C57400DECA0A /* PBXTargetDependency */,
			);
			name = 111UITests;
			productName = 111UITests;
			productReference = 2F024D941F15C57400DECA0A /* 111UITests.xctest */;
			productType = "com.apple.product-type.bundle.ui-testing";
		};
/* End PBXNativeTarget section */

/* Begin PBXProject section */
		2F024D681F15C57400DECA0A /* Project object */ = {
			isa = PBXProject;
			attributes = {
				LastUpgradeCheck = 0820;
				ORGANIZATIONNAME = kaili;
				TargetAttributes = {
					2F024D6F1F15C57400DECA0A = {
						CreatedOnToolsVersion = 8.2.1;
						ProvisioningStyle = Automatic;
					};
					2F024D881F15C57400DECA0A = {
						CreatedOnToolsVersion = 8.2.1;
						ProvisioningStyle = Automatic;
						TestTargetID = 2F024D6F1F15C57400DECA0A;
					};
					2F024D931F15C57400DECA0A = {
						CreatedOnToolsVersion = 8.2.1;
						ProvisioningStyle = Automatic;
						TestTargetID = 2F024D6F1F15C57400DECA0A;
					};
				};
			};
			buildConfigurationList = 2F024D6B1F15C57400DECA0A /* Build configuration list for PBXProject "111" */;
			compatibilityVersion = "Xcode 3.2";
			developmentRegion = English;
			hasScannedForEncodings = 0;
			knownRegions = (
				en,
				Base,
			);
			mainGroup = 2F024D671F15C57400DECA0A;
			productRefGroup = 2F024D711F15C57400DECA0A /* Products */;
			projectDirPath = "";
			projectRoot = "";
			targets = (
				2F024D6F1F15C57400DECA0A /* 111 */,
				2F024D881F15C57400DECA0A /* 111Tests */,
				2F024D931F15C57400DECA0A /* 111UITests */,
			);
		};
/* End PBXProject section */

/* Begin PBXResourcesBuildPhase section */
		2F024D6E1F15C57400DECA0A /* Resources */ = {
			isa = PBXResourcesBuildPhase;
			buildActionMask = 2147483647;
			files = (
				2F024D831F15C57400DECA0A /* LaunchScreen.storyboard in Resources */,
				2F024D801F15C57400DECA0A /* Assets.xcassets in Resources */,
				2F024D7E1F15C57400DECA0A /* Main.storyboard in Resources */,
			);
			runOnlyForDeploymentPostprocessing = 0;
		};
		2F024D871F15C57400DECA0A /* Resources */ = {
			isa = PBXResourcesBuildPhase;
			buildActionMask = 2147483647;
			files = (
			);
			runOnlyForDeploymentPostprocessing = 0;
		};
		2F024D921F15C57400DECA0A /* Resources */ = {
			isa = PBXResourcesBuildPhase;
			buildActionMask = 2147483647;
			files = (
			);
			runOnlyForDeploymentPostprocessing = 0;
		};
/* End PBXResourcesBuildPhase section */

/* Begin PBXSourcesBuildPhase section */
		2F024D6C1F15C57400DECA0A /* Sources */ = {
			isa = PBXSourcesBuildPhase;
			buildActionMask = 2147483647;
			files = (
				2F024D7B1F15C57400DECA0A /* ViewController.m in Sources */,
				2F024D781F15C57400DECA0A /* AppDelegate.m in Sources */,
				2F024D751F15C57400DECA0A /* main.m in Sources */,
			);
			runOnlyForDeploymentPostprocessing = 0;
		};
		2F024D851F15C57400DECA0A /* Sources */ = {
			isa = PBXSourcesBuildPhase;
			buildActionMask = 2147483647;
			files = (
				2F024D8E1F15C57400DECA0A /* _11Tests.m in Sources */,
			);
			runOnlyForDeploymentPostprocessing = 0;
		};
		2F024D901F15C57400DECA0A /* Sources */ = {
			isa = PBXSourcesBuildPhase;
			buildActionMask = 2147483647;
			files = (
				2F024D991F15C57400DECA0A /* _11UITests.m in Sources */,
			);
			runOnlyForDeploymentPostprocessing = 0;
		};
/* End PBXSourcesBuildPhase section */

/* Begin PBXTargetDependency section */
		2F024D8B1F15C57400DECA0A /* PBXTargetDependency */ = {
			isa = PBXTargetDependency;
			target = 2F024D6F1F15C57400DECA0A /* 111 */;
			targetProxy = 2F024D8A1F15C57400DECA0A /* PBXContainerItemProxy */;
		};
		2F024D961F15C57400DECA0A /* PBXTargetDependency */ = {
			isa = PBXTargetDependency;
			target = 2F024D6F1F15C57400DECA0A /* 111 */;
			targetProxy = 2F024D951F15C57400DECA0A /* PBXContainerItemProxy */;
		};
/* End PBXTargetDependency section */

/* Begin PBXVariantGroup section */
		2F024D7C1F15C57400DECA0A /* Main.storyboard */ = {
			isa = PBXVariantGroup;
			children = (
				2F024D7D1F15C57400DECA0A /* Base */,
			);
			name = Main.storyboard;
			sourceTree = "<group>";
		};
		2F024D811F15C57400DECA0A /* LaunchScreen.storyboard */ = {
			isa = PBXVariantGroup;
			children = (
				2F024D821F15C57400DECA0A /* Base */,
			);
			name = LaunchScreen.storyboard;
			sourceTree = "<group>";
		};
/* End PBXVariantGroup section */

/* Begin XCBuildConfiguration section */
		2F024D9B1F15C57400DECA0A /* Debug */ = {
			isa = XCBuildConfiguration;
			buildSettings = {
				ALWAYS_SEARCH_USER_PATHS = NO;
				CLANG_ANALYZER_NONNULL = YES;
				CLANG_CXX_LANGUAGE_STANDARD = "gnu++0x";
				CLANG_CXX_LIBRARY = "libc++";
				CLANG_ENABLE_MODULES = YES;
				CLANG_ENABLE_OBJC_ARC = YES;
				CLANG_WARN_BOOL_CONVERSION = YES;
				CLANG_WARN_CONSTANT_CONVERSION = YES;
				CLANG_WARN_DIRECT_OBJC_ISA_USAGE = YES_ERROR;
				CLANG_WARN_DOCUMENTATION_COMMENTS = YES;
				CLANG_WARN_EMPTY_BODY = YES;
				CLANG_WARN_ENUM_CONVERSION = YES;
				CLANG_WARN_INFINITE_RECURSION = YES;
				CLANG_WARN_INT_CONVERSION = YES;
				CLANG_WARN_OBJC_ROOT_CLASS = YES_ERROR;
				CLANG_WARN_SUSPICIOUS_MOVE = YES;
				CLANG_WARN_UNREACHABLE_CODE = YES;
				CLANG_WARN__DUPLICATE_METHOD_MATCH = YES;
				"CODE_SIGN_IDENTITY[sdk=iphoneos*]" = "iPhone Developer";
				COPY_PHASE_STRIP = NO;
				DEBUG_INFORMATION_FORMAT = dwarf;
				ENABLE_STRICT_OBJC_MSGSEND = YES;
				ENABLE_TESTABILITY = YES;
				GCC_C_LANGUAGE_STANDARD = gnu99;
				GCC_DYNAMIC_NO_PIC = NO;
				GCC_NO_COMMON_BLOCKS = YES;
				GCC_OPTIMIZATION_LEVEL = 0;
				GCC_PREPROCESSOR_DEFINITIONS = (
					"DEBUG=1",
					"$(inherited)",
				);
				GCC_WARN_64_TO_32_BIT_CONVERSION = YES;
				GCC_WARN_ABOUT_RETURN_TYPE = YES_ERROR;
				GCC_WARN_UNDECLARED_SELECTOR = YES;
				GCC_WARN_UNINITIALIZED_AUTOS = YES_AGGRESSIVE;
				GCC_WARN_UNUSED_FUNCTION = YES;
				GCC_WARN_UNUSED_VARIABLE = YES;
				IPHONEOS_DEPLOYMENT_TARGET = 10.2;
				MTL_ENABLE_DEBUG_INFO = YES;
				ONLY_ACTIVE_ARCH = YES;
				SDKROOT = iphoneos;
				TARGETED_DEVICE_FAMILY = "1,2";
			};
			name = Debug;
		};
		2F024D9C1F15C57400DECA0A /* Release */ = {
			isa = XCBuildConfiguration;
			buildSettings = {
				ALWAYS_SEARCH_USER_PATHS = NO;
				CLANG_ANALYZER_NONNULL = YES;
				CLANG_CXX_LANGUAGE_STANDARD = "gnu++0x";
				CLANG_CXX_LIBRARY = "libc++";
				CLANG_ENABLE_MODULES = YES;
				CLANG_ENABLE_OBJC_ARC = YES;
				CLANG_WARN_BOOL_CONVERSION = YES;
				CLANG_WARN_CONSTANT_CONVERSION = YES;
				CLANG_WARN_DIRECT_OBJC_ISA_USAGE = YES_ERROR;
				CLANG_WARN_DOCUMENTATION_COMMENTS = YES;
				CLANG_WARN_EMPTY_BODY = YES;
				CLANG_WARN_ENUM_CONVERSION = YES;
				CLANG_WARN_INFINITE_RECURSION = YES;
				CLANG_WARN_INT_CONVERSION = YES;
				CLANG_WARN_OBJC_ROOT_CLASS = YES_ERROR;
				CLANG_WARN_SUSPICIOUS_MOVE = YES;
				CLANG_WARN_UNREACHABLE_CODE = YES;
				CLANG_WARN__DUPLICATE_METHOD_MATCH = YES;
				"CODE_SIGN_IDENTITY[sdk=iphoneos*]" = "iPhone Developer";
				COPY_PHASE_STRIP = NO;
				DEBUG_INFORMATION_FORMAT = "dwarf-with-dsym";
				ENABLE_NS_ASSERTIONS = NO;
				ENABLE_STRICT_OBJC_MSGSEND = YES;
				GCC_C_LANGUAGE_STANDARD = gnu99;
				GCC_NO_COMMON_BLOCKS = YES;
				GCC_WARN_64_TO_32_BIT_CONVERSION = YES;
				GCC_WARN_ABOUT_RETURN_TYPE = YES_ERROR;
				GCC_WARN_UNDECLARED_SELECTOR = YES;
				GCC_WARN_UNINITIALIZED_AUTOS = YES_AGGRESSIVE;
				GCC_WARN_UNUSED_FUNCTION = YES;
				GCC_WARN_UNUSED_VARIABLE = YES;
				IPHONEOS_DEPLOYMENT_TARGET = 10.2;
				MTL_ENABLE_DEBUG_INFO = NO;
				SDKROOT = iphoneos;
				TARGETED_DEVICE_FAMILY = "1,2";
				VALIDATE_PRODUCT = YES;
			};
			name = Release;
		};
		2F024D9E1F15C57400DECA0A /* Debug */ = {
			isa = XCBuildConfiguration;
			buildSettings = {
				ASSETCATALOG_COMPILER_APPICON_NAME = AppIcon;
				INFOPLIST_FILE = 111/Info.plist;
				LD_RUNPATH_SEARCH_PATHS = "$(inherited) @executable_path/Frameworks";
				PRODUCT_BUNDLE_IDENTIFIER = "-2.-11";
				PRODUCT_NAME = "$(TARGET_NAME)";
			};
			name = Debug;
		};
		2F024D9F1F15C57400DECA0A /* Release */ = {
			isa = XCBuildConfiguration;
			buildSettings = {
				ASSETCATALOG_COMPILER_APPICON_NAME = AppIcon;
				INFOPLIST_FILE = 111/Info.plist;
				LD_RUNPATH_SEARCH_PATHS = "$(inherited) @executable_path/Frameworks";
				PRODUCT_BUNDLE_IDENTIFIER = "-2.-11";
				PRODUCT_NAME = "$(TARGET_NAME)";
			};
			name = Release;
		};
		2F024DA11F15C57400DECA0A /* Debug */ = {
			isa = XCBuildConfiguration;
			buildSettings = {
				BUNDLE_LOADER = "$(TEST_HOST)";
				INFOPLIST_FILE = 111Tests/Info.plist;
				LD_RUNPATH_SEARCH_PATHS = "$(inherited) @executable_path/Frameworks @loader_path/Frameworks";
				PRODUCT_BUNDLE_IDENTIFIER = "-2.-11Tests";
				PRODUCT_NAME = "$(TARGET_NAME)";
				TEST_HOST = "$(BUILT_PRODUCTS_DIR)/111.app/111";
			};
			name = Debug;
		};
		2F024DA21F15C57400DECA0A /* Release */ = {
			isa = XCBuildConfiguration;
			buildSettings = {
				BUNDLE_LOADER = "$(TEST_HOST)";
				INFOPLIST_FILE = 111Tests/Info.plist;
				LD_RUNPATH_SEARCH_PATHS = "$(inherited) @executable_path/Frameworks @loader_path/Frameworks";
				PRODUCT_BUNDLE_IDENTIFIER = "-2.-11Tests";
				PRODUCT_NAME = "$(TARGET_NAME)";
				TEST_HOST = "$(BUILT_PRODUCTS_DIR)/111.app/111";
			};
			name = Release;
		};
		2F024DA41F15C57400DECA0A /* Debug */ = {
			isa = XCBuildConfiguration;
			buildSettings = {
				INFOPLIST_FILE = 111UITests/Info.plist;
				LD_RUNPATH_SEARCH_PATHS = "$(inherited) @executable_path/Frameworks @loader_path/Frameworks";
				PRODUCT_BUNDLE_IDENTIFIER = "-2.-11UITests";
				PRODUCT_NAME = "$(TARGET_NAME)";
				TEST_TARGET_NAME = 111;
			};
			name = Debug;
		};
		2F024DA51F15C57400DECA0A /* Release */ = {
			isa = XCBuildConfiguration;
			buildSettings = {
				INFOPLIST_FILE = 111UITests/Info.plist;
				LD_RUNPATH_SEARCH_PATHS = "$(inherited) @executable_path/Frameworks @loader_path/Frameworks";
				PRODUCT_BUNDLE_IDENTIFIER = "-2.-11UITests";
				PRODUCT_NAME = "$(TARGET_NAME)";
				TEST_TARGET_NAME = 111;
			};
			name = Release;
		};
/* End XCBuildConfiguration section */

/* Begin XCConfigurationList section */
		2F024D6B1F15C57400DECA0A /* Build configuration list for PBXProject "111" */ = {
			isa = XCConfigurationList;
			buildConfigurations = (
				2F024D9B1F15C57400DECA0A /* Debug */,
				2F024D9C1F15C57400DECA0A /* Release */,
			);
			defaultConfigurationIsVisible = 0;
			defaultConfigurationName = Release;
		};
		2F024D9D1F15C57400DECA0A /* Build configuration list for PBXNativeTarget "111" */ = {
			isa = XCConfigurationList;
			buildConfigurations = (
				2F024D9E1F15C57400DECA0A /* Debug */,
				2F024D9F1F15C57400DECA0A /* Release */,
			);
			defaultConfigurationIsVisible = 0;
		};
		2F024DA01F15C57400DECA0A /* Build configuration list for PBXNativeTarget "111Tests" */ = {
			isa = XCConfigurationList;
			buildConfigurations = (
				2F024DA11F15C57400DECA0A /* Debug */,
				2F024DA21F15C57400DECA0A /* Release */,
			);
			defaultConfigurationIsVisible = 0;
		};
		2F024DA31F15C57400DECA0A /* Build configuration list for PBXNativeTarget "111UITests" */ = {
			isa = XCConfigurationList;
			buildConfigurations = (
				2F024DA41F15C57400DECA0A /* Debug */,
				2F024DA51F15C57400DECA0A /* Release */,
			);
			defaultConfigurationIsVisible = 0;
		};
/* End XCConfigurationList section */
	};
	rootObject = 2F024D681F15C57400DECA0A /* Project object */;
}
